// !$*UTF8*$!
{
	archiveVersion = 1;
	classes = {
	};
	objectVersion = 56;
	objects = {

/* Begin PBXBuildFile section */
		635486BA2A148DCD0023BD52 /* My_NotesApp.swift in Sources */ = {isa = PBXBuildFile; fileRef = 635486B92A148DCD0023BD52 /* My_NotesApp.swift */; };
		635486BC2A148DCD0023BD52 /* ContentView.swift in Sources */ = {isa = PBXBuildFile; fileRef = 635486BB2A148DCD0023BD52 /* ContentView.swift */; };
		635486BE2A148DCE0023BD52 /* Assets.xcassets in Resources */ = {isa = PBXBuildFile; fileRef = 635486BD2A148DCE0023BD52 /* Assets.xcassets */; };
		635486C12A148DCE0023BD52 /* Preview Assets.xcassets in Resources */ = {isa = PBXBuildFile; fileRef = 635486C02A148DCE0023BD52 /* Preview Assets.xcassets */; };
		635486C32A148DCE0023BD52 /* Persistence.swift in Sources */ = {isa = PBXBuildFile; fileRef = 635486C22A148DCE0023BD52 /* Persistence.swift */; };
		635486C62A148DCE0023BD52 /* My_Notes.xcdatamodeld in Sources */ = {isa = PBXBuildFile; fileRef = 635486C42A148DCE0023BD52 /* My_Notes.xcdatamodeld */; };
		635486D02A148DCE0023BD52 /* My_NotesTests.swift in Sources */ = {isa = PBXBuildFile; fileRef = 635486CF2A148DCE0023BD52 /* My_NotesTests.swift */; };
		635486DA2A148DCE0023BD52 /* My_NotesUITests.swift in Sources */ = {isa = PBXBuildFile; fileRef = 635486D92A148DCE0023BD52 /* My_NotesUITests.swift */; };
		635486DC2A148DCF0023BD52 /* My_NotesUITestsLaunchTests.swift in Sources */ = {isa = PBXBuildFile; fileRef = 635486DB2A148DCF0023BD52 /* My_NotesUITestsLaunchTests.swift */; };
/* End PBXBuildFile section */

/* Begin PBXContainerItemProxy section */
		635486CC2A148DCE0023BD52 /* PBXContainerItemProxy */ = {
			isa = PBXContainerItemProxy;
			containerPortal = 635486AE2A148DCD0023BD52 /* Project object */;
			proxyType = 1;
			remoteGlobalIDString = 635486B52A148DCD0023BD52;
			remoteInfo = "My Notes";
		};
		635486D62A148DCE0023BD52 /* PBXContainerItemProxy */ = {
			isa = PBXContainerItemProxy;
			containerPortal = 635486AE2A148DCD0023BD52 /* Project object */;
			proxyType = 1;
			remoteGlobalIDString = 635486B52A148DCD0023BD52;
			remoteInfo = "My Notes";
		};
/* End PBXContainerItemProxy section */

/* Begin PBXFileReference section */
		635486B62A148DCD0023BD52 /* My Notes.app */ = {isa = PBXFileReference; explicitFileType = wrapper.application; includeInIndex = 0; path = "My Notes.app"; sourceTree = BUILT_PRODUCTS_DIR; };
		635486B92A148DCD0023BD52 /* My_NotesApp.swift */ = {isa = PBXFileReference; lastKnownFileType = sourcecode.swift; path = My_NotesApp.swift; sourceTree = "<group>"; };
		635486BB2A148DCD0023BD52 /* ContentView.swift */ = {isa = PBXFileReference; lastKnownFileType = sourcecode.swift; path = ContentView.swift; sourceTree = "<group>"; };
		635486BD2A148DCE0023BD52 /* Assets.xcassets */ = {isa = PBXFileReference; lastKnownFileType = folder.assetcatalog; path = Assets.xcassets; sourceTree = "<group>"; };
		635486C02A148DCE0023BD52 /* Preview Assets.xcassets */ = {isa = PBXFileReference; lastKnownFileType = folder.assetcatalog; path = "Preview Assets.xcassets"; sourceTree = "<group>"; };
		635486C22A148DCE0023BD52 /* Persistence.swift */ = {isa = PBXFileReference; lastKnownFileType = sourcecode.swift; path = Persistence.swift; sourceTree = "<group>"; };
		635486C52A148DCE0023BD52 /* My_Notes.xcdatamodel */ = {isa = PBXFileReference; lastKnownFileType = wrapper.xcdatamodel; path = My_Notes.xcdatamodel; sourceTree = "<group>"; };
		635486CB2A148DCE0023BD52 /* My NotesTests.xctest */ = {isa = PBXFileReference; explicitFileType = wrapper.cfbundle; includeInIndex = 0; path = "My NotesTests.xctest"; sourceTree = BUILT_PRODUCTS_DIR; };
		635486CF2A148DCE0023BD52 /* My_NotesTests.swift */ = {isa = PBXFileReference; lastKnownFileType = sourcecode.swift; path = My_NotesTests.swift; sourceTree = "<group>"; };
		635486D52A148DCE0023BD52 /* My NotesUITests.xctest */ = {isa = PBXFileReference; explicitFileType = wrapper.cfbundle; includeInIndex = 0; path = "My NotesUITests.xctest"; sourceTree = BUILT_PRODUCTS_DIR; };
		635486D92A148DCE0023BD52 /* My_NotesUITests.swift */ = {isa = PBXFileReference; lastKnownFileType = sourcecode.swift; path = My_NotesUITests.swift; sourceTree = "<group>"; };
		635486DB2A148DCF0023BD52 /* My_NotesUITestsLaunchTests.swift */ = {isa = PBXFileReference; lastKnownFileType = sourcecode.swift; path = My_NotesUITestsLaunchTests.swift; sourceTree = "<group>"; };
/* End PBXFileReference section */

/* Begin PBXFrameworksBuildPhase section */
		635486B32A148DCD0023BD52 /* Frameworks */ = {
			isa = PBXFrameworksBuildPhase;
			buildActionMask = 2147483647;
			files = (
			);
			runOnlyForDeploymentPostprocessing = 0;
		};
		635486C82A148DCE0023BD52 /* Frameworks */ = {
			isa = PBXFrameworksBuildPhase;
			buildActionMask = 2147483647;
			files = (
			);
			runOnlyForDeploymentPostprocessing = 0;
		};
		635486D22A148DCE0023BD52 /* Frameworks */ = {
			isa = PBXFrameworksBuildPhase;
			buildActionMask = 2147483647;
			files = (
			);
			runOnlyForDeploymentPostprocessing = 0;
		};
/* End PBXFrameworksBuildPhase section */

/* Begin PBXGroup section */
		635486AD2A148DCD0023BD52 = {
			isa = PBXGroup;
			children = (
				635486B82A148DCD0023BD52 /* My Notes */,
				635486CE2A148DCE0023BD52 /* My NotesTests */,
				635486D82A148DCE0023BD52 /* My NotesUITests */,
				635486B72A148DCD0023BD52 /* Products */,
			);
			sourceTree = "<group>";
		};
		635486B72A148DCD0023BD52 /* Products */ = {
			isa = PBXGroup;
			children = (
				635486B62A148DCD0023BD52 /* My Notes.app */,
				635486CB2A148DCE0023BD52 /* My NotesTests.xctest */,
				635486D52A148DCE0023BD52 /* My NotesUITests.xctest */,
			);
			name = Products;
			sourceTree = "<group>";
		};
		635486B82A148DCD0023BD52 /* My Notes */ = {
			isa = PBXGroup;
			children = (
				635486B92A148DCD0023BD52 /* My_NotesApp.swift */,
				635486BB2A148DCD0023BD52 /* ContentView.swift */,
				635486BD2A148DCE0023BD52 /* Assets.xcassets */,
				635486C22A148DCE0023BD52 /* Persistence.swift */,
				635486C42A148DCE0023BD52 /* My_Notes.xcdatamodeld */,
				635486BF2A148DCE0023BD52 /* Preview Content */,
			);
			path = "My Notes";
			sourceTree = "<group>";
		};
		635486BF2A148DCE0023BD52 /* Preview Content */ = {
			isa = PBXGroup;
			children = (
				635486C02A148DCE0023BD52 /* Preview Assets.xcassets */,
			);
			path = "Preview Content";
			sourceTree = "<group>";
		};
		635486CE2A148DCE0023BD52 /* My NotesTests */ = {
			isa = PBXGroup;
			children = (
				635486CF2A148DCE0023BD52 /* My_NotesTests.swift */,
			);
			path = "My NotesTests";
			sourceTree = "<group>";
		};
		635486D82A148DCE0023BD52 /* My NotesUITests */ = {
			isa = PBXGroup;
			children = (
				635486D92A148DCE0023BD52 /* My_NotesUITests.swift */,
				635486DB2A148DCF0023BD52 /* My_NotesUITestsLaunchTests.swift */,
			);
			path = "My NotesUITests";
			sourceTree = "<group>";
		};
/* End PBXGroup section */

/* Begin PBXNativeTarget section */
		635486B52A148DCD0023BD52 /* My Notes */ = {
			isa = PBXNativeTarget;
			buildConfigurationList = 635486DF2A148DCF0023BD52 /* Build configuration list for PBXNativeTarget "My Notes" */;
			buildPhases = (
				635486B22A148DCD0023BD52 /* Sources */,
				635486B32A148DCD0023BD52 /* Frameworks */,
				635486B42A148DCD0023BD52 /* Resources */,
			);
			buildRules = (
			);
			dependencies = (
			);
			name = "My Notes";
			productName = "My Notes";
			productReference = 635486B62A148DCD0023BD52 /* My Notes.app */;
			productType = "com.apple.product-type.application";
		};
		635486CA2A148DCE0023BD52 /* My NotesTests */ = {
			isa = PBXNativeTarget;
			buildConfigurationList = 635486E22A148DCF0023BD52 /* Build configuration list for PBXNativeTarget "My NotesTests" */;
			buildPhases = (
				635486C72A148DCE0023BD52 /* Sources */,
				635486C82A148DCE0023BD52 /* Frameworks */,
				635486C92A148DCE0023BD52 /* Resources */,
			);
			buildRules = (
			);
			dependencies = (
				635486CD2A148DCE0023BD52 /* PBXTargetDependency */,
			);
			name = "My NotesTests";
			productName = "My NotesTests";
			productReference = 635486CB2A148DCE0023BD52 /* My NotesTests.xctest */;
			productType = "com.apple.product-type.bundle.unit-test";
		};
		635486D42A148DCE0023BD52 /* My NotesUITests */ = {
			isa = PBXNativeTarget;
			buildConfigurationList = 635486E52A148DCF0023BD52 /* Build configuration list for PBXNativeTarget "My NotesUITests" */;
			buildPhases = (
				635486D12A148DCE0023BD52 /* Sources */,
				635486D22A148DCE0023BD52 /* Frameworks */,
				635486D32A148DCE0023BD52 /* Resources */,
			);
			buildRules = (
			);
			dependencies = (
				635486D72A148DCE0023BD52 /* PBXTargetDependency */,
			);
			name = "My NotesUITests";
			productName = "My NotesUITests";
			productReference = 635486D52A148DCE0023BD52 /* My NotesUITests.xctest */;
			productType = "com.apple.product-type.bundle.ui-testing";
		};
/* End PBXNativeTarget section */

/* Begin PBXProject section */
		635486AE2A148DCD0023BD52 /* Project object */ = {
			isa = PBXProject;
			attributes = {
				BuildIndependentTargetsInParallel = 1;
				LastSwiftUpdateCheck = 1430;
				LastUpgradeCheck = 1430;
				TargetAttributes = {
					635486B52A148DCD0023BD52 = {
						CreatedOnToolsVersion = 14.3;
					};
					635486CA2A148DCE0023BD52 = {
						CreatedOnToolsVersion = 14.3;
						TestTargetID = 635486B52A148DCD0023BD52;
					};
					635486D42A148DCE0023BD52 = {
						CreatedOnToolsVersion = 14.3;
						TestTargetID = 635486B52A148DCD0023BD52;
					};
				};
			};
			buildConfigurationList = 635486B12A148DCD0023BD52 /* Build configuration list for PBXProject "My Notes" */;
			compatibilityVersion = "Xcode 14.0";
			developmentRegion = en;
			hasScannedForEncodings = 0;
			knownRegions = (
				en,
				Base,
			);
			mainGroup = 635486AD2A148DCD0023BD52;
			productRefGroup = 635486B72A148DCD0023BD52 /* Products */;
			projectDirPath = "";
			projectRoot = "";
			targets = (
				635486B52A148DCD0023BD52 /* My Notes */,
				635486CA2A148DCE0023BD52 /* My NotesTests */,
				635486D42A148DCE0023BD52 /* My NotesUITests */,
			);
		};
/* End PBXProject section */

/* Begin PBXResourcesBuildPhase section */
		635486B42A148DCD0023BD52 /* Resources */ = {
			isa = PBXResourcesBuildPhase;
			buildActionMask = 2147483647;
			files = (
				635486C12A148DCE0023BD52 /* Preview Assets.xcassets in Resources */,
				635486BE2A148DCE0023BD52 /* Assets.xcassets in Resources */,
			);
			runOnlyForDeploymentPostprocessing = 0;
		};
		635486C92A148DCE0023BD52 /* Resources */ = {
			isa = PBXResourcesBuildPhase;
			buildActionMask = 2147483647;
			files = (
			);
			runOnlyForDeploymentPostprocessing = 0;
		};
		635486D32A148DCE0023BD52 /* Resources */ = {
			isa = PBXResourcesBuildPhase;
			buildActionMask = 2147483647;
			files = (
			);
			runOnlyForDeploymentPostprocessing = 0;
		};
/* End PBXResourcesBuildPhase section */

/* Begin PBXSourcesBuildPhase section */
		635486B22A148DCD0023BD52 /* Sources */ = {
			isa = PBXSourcesBuildPhase;
			buildActionMask = 2147483647;
			files = (
				635486C32A148DCE0023BD52 /* Persistence.swift in Sources */,
				635486BC2A148DCD0023BD52 /* ContentView.swift in Sources */,
				635486BA2A148DCD0023BD52 /* My_NotesApp.swift in Sources */,
				635486C62A148DCE0023BD52 /* My_Notes.xcdatamodeld in Sources */,
			);
			runOnlyForDeploymentPostprocessing = 0;
		};
		635486C72A148DCE0023BD52 /* Sources */ = {
			isa = PBXSourcesBuildPhase;
			buildActionMask = 2147483647;
			files = (
				635486D02A148DCE0023BD52 /* My_NotesTests.swift in Sources */,
			);
			runOnlyForDeploymentPostprocessing = 0;
		};
		635486D12A148DCE0023BD52 /* Sources */ = {
			isa = PBXSourcesBuildPhase;
			buildActionMask = 2147483647;
			files = (
				635486DC2A148DCF0023BD52 /* My_NotesUITestsLaunchTests.swift in Sources */,
				635486DA2A148DCE0023BD52 /* My_NotesUITests.swift in Sources */,
			);
			runOnlyForDeploymentPostprocessing = 0;
		};
/* End PBXSourcesBuildPhase section */

/* Begin PBXTargetDependency section */
		635486CD2A148DCE0023BD52 /* PBXTargetDependency */ = {
			isa = PBXTargetDependency;
			target = 635486B52A148DCD0023BD52 /* My Notes */;
			targetProxy = 635486CC2A148DCE0023BD52 /* PBXContainerItemProxy */;
		};
		635486D72A148DCE0023BD52 /* PBXTargetDependency */ = {
			isa = PBXTargetDependency;
			target = 635486B52A148DCD0023BD52 /* My Notes */;
			targetProxy = 635486D62A148DCE0023BD52 /* PBXContainerItemProxy */;
		};
/* End PBXTargetDependency section */

/* Begin XCBuildConfiguration section */
		635486DD2A148DCF0023BD52 /* Debug */ = {
			isa = XCBuildConfiguration;
			buildSettings = {
				ALWAYS_SEARCH_USER_PATHS = NO;
				CLANG_ANALYZER_NONNULL = YES;
				CLANG_ANALYZER_NUMBER_OBJECT_CONVERSION = YES_AGGRESSIVE;
				CLANG_CXX_LANGUAGE_STANDARD = "gnu++20";
				CLANG_ENABLE_MODULES = YES;
				CLANG_ENABLE_OBJC_ARC = YES;
				CLANG_ENABLE_OBJC_WEAK = YES;
				CLANG_WARN_BLOCK_CAPTURE_AUTORELEASING = YES;
				CLANG_WARN_BOOL_CONVERSION = YES;
				CLANG_WARN_COMMA = YES;
				CLANG_WARN_CONSTANT_CONVERSION = YES;
				CLANG_WARN_DEPRECATED_OBJC_IMPLEMENTATIONS = YES;
				CLANG_WARN_DIRECT_OBJC_ISA_USAGE = YES_ERROR;
				CLANG_WARN_DOCUMENTATION_COMMENTS = YES;
				CLANG_WARN_EMPTY_BODY = YES;
				CLANG_WARN_ENUM_CONVERSION = YES;
				CLANG_WARN_INFINITE_RECURSION = YES;
				CLANG_WARN_INT_CONVERSION = YES;
				CLANG_WARN_NON_LITERAL_NULL_CONVERSION = YES;
				CLANG_WARN_OBJC_IMPLICIT_RETAIN_SELF = YES;
				CLANG_WARN_OBJC_LITERAL_CONVERSION = YES;
				CLANG_WARN_OBJC_ROOT_CLASS = YES_ERROR;
				CLANG_WARN_QUOTED_INCLUDE_IN_FRAMEWORK_HEADER = YES;
				CLANG_WARN_RANGE_LOOP_ANALYSIS = YES;
				CLANG_WARN_STRICT_PROTOTYPES = YES;
				CLANG_WARN_SUSPICIOUS_MOVE = YES;
				CLANG_WARN_UNGUARDED_AVAILABILITY = YES_AGGRESSIVE;
				CLANG_WARN_UNREACHABLE_CODE = YES;
				CLANG_WARN__DUPLICATE_METHOD_MATCH = YES;
				COPY_PHASE_STRIP = NO;
				DEBUG_INFORMATION_FORMAT = dwarf;
				ENABLE_STRICT_OBJC_MSGSEND = YES;
				ENABLE_TESTABILITY = YES;
				GCC_C_LANGUAGE_STANDARD = gnu11;
				GCC_DYNAMIC_NO_PIC = NO;
				GCC_NO_COMMON_BLOCKS = YES;
				GCC_OPTIMIZATION_LEVEL = 0;
				GCC_PREPROCESSOR_DEFINITIONS = (
					"DEBUG=1",
					"$(inherited)",
				);
				GCC_WARN_64_TO_32_BIT_CONVERSION = YES;
				GCC_WARN_ABOUT_RETURN_TYPE = YES_ERROR;
				GCC_WARN_UNDECLARED_SELECTOR = YES;
				GCC_WARN_UNINITIALIZED_AUTOS = YES_AGGRESSIVE;
				GCC_WARN_UNUSED_FUNCTION = YES;
				GCC_WARN_UNUSED_VARIABLE = YES;
				IPHONEOS_DEPLOYMENT_TARGET = 16.4;
				MTL_ENABLE_DEBUG_INFO = INCLUDE_SOURCE;
				MTL_FAST_MATH = YES;
				ONLY_ACTIVE_ARCH = YES;
				SDKROOT = iphoneos;
				SWIFT_ACTIVE_COMPILATION_CONDITIONS = DEBUG;
				SWIFT_OPTIMIZATION_LEVEL = "-Onone";
			};
			name = Debug;
		};
		635486DE2A148DCF0023BD52 /* Release */ = {
			isa = XCBuildConfiguration;
			buildSettings = {
				ALWAYS_SEARCH_USER_PATHS = NO;
				CLANG_ANALYZER_NONNULL = YES;
				CLANG_ANALYZER_NUMBER_OBJECT_CONVERSION = YES_AGGRESSIVE;
				CLANG_CXX_LANGUAGE_STANDARD = "gnu++20";
				CLANG_ENABLE_MODULES = YES;
				CLANG_ENABLE_OBJC_ARC = YES;
				CLANG_ENABLE_OBJC_WEAK = YES;
				CLANG_WARN_BLOCK_CAPTURE_AUTORELEASING = YES;
				CLANG_WARN_BOOL_CONVERSION = YES;
				CLANG_WARN_COMMA = YES;
				CLANG_WARN_CONSTANT_CONVERSION = YES;
				CLANG_WARN_DEPRECATED_OBJC_IMPLEMENTATIONS = YES;
				CLANG_WARN_DIRECT_OBJC_ISA_USAGE = YES_ERROR;
				CLANG_WARN_DOCUMENTATION_COMMENTS = YES;
				CLANG_WARN_EMPTY_BODY = YES;
				CLANG_WARN_ENUM_CONVERSION = YES;
				CLANG_WARN_INFINITE_RECURSION = YES;
				CLANG_WARN_INT_CONVERSION = YES;
				CLANG_WARN_NON_LITERAL_NULL_CONVERSION = YES;
				CLANG_WARN_OBJC_IMPLICIT_RETAIN_SELF = YES;
				CLANG_WARN_OBJC_LITERAL_CONVERSION = YES;
				CLANG_WARN_OBJC_ROOT_CLASS = YES_ERROR;
				CLANG_WARN_QUOTED_INCLUDE_IN_FRAMEWORK_HEADER = YES;
				CLANG_WARN_RANGE_LOOP_ANALYSIS = YES;
				CLANG_WARN_STRICT_PROTOTYPES = YES;
				CLANG_WARN_SUSPICIOUS_MOVE = YES;
				CLANG_WARN_UNGUARDED_AVAILABILITY = YES_AGGRESSIVE;
				CLANG_WARN_UNREACHABLE_CODE = YES;
				CLANG_WARN__DUPLICATE_METHOD_MATCH = YES;
				COPY_PHASE_STRIP = NO;
				DEBUG_INFORMATION_FORMAT = "dwarf-with-dsym";
				ENABLE_NS_ASSERTIONS = NO;
				ENABLE_STRICT_OBJC_MSGSEND = YES;
				GCC_C_LANGUAGE_STANDARD = gnu11;
				GCC_NO_COMMON_BLOCKS = YES;
				GCC_WARN_64_TO_32_BIT_CONVERSION = YES;
				GCC_WARN_ABOUT_RETURN_TYPE = YES_ERROR;
				GCC_WARN_UNDECLARED_SELECTOR = YES;
				GCC_WARN_UNINITIALIZED_AUTOS = YES_AGGRESSIVE;
				GCC_WARN_UNUSED_FUNCTION = YES;
				GCC_WARN_UNUSED_VARIABLE = YES;
				IPHONEOS_DEPLOYMENT_TARGET = 16.4;
				MTL_ENABLE_DEBUG_INFO = NO;
				MTL_FAST_MATH = YES;
				SDKROOT = iphoneos;
				SWIFT_COMPILATION_MODE = wholemodule;
				SWIFT_OPTIMIZATION_LEVEL = "-O";
				VALIDATE_PRODUCT = YES;
			};
			name = Release;
		};
		635486E02A148DCF0023BD52 /* Debug */ = {
			isa = XCBuildConfiguration;
			buildSettings = {
				ASSETCATALOG_COMPILER_APPICON_NAME = AppIcon;
				ASSETCATALOG_COMPILER_GLOBAL_ACCENT_COLOR_NAME = AccentColor;
				CODE_SIGN_STYLE = Automatic;
				CURRENT_PROJECT_VERSION = 1;
				DEVELOPMENT_ASSET_PATHS = "\"My Notes/Preview Content\"";
				ENABLE_PREVIEWS = YES;
				GENERATE_INFOPLIST_FILE = YES;
				INFOPLIST_KEY_UIApplicationSceneManifest_Generation = YES;
				INFOPLIST_KEY_UIApplicationSupportsIndirectInputEvents = YES;
				INFOPLIST_KEY_UILaunchScreen_Generation = YES;
				INFOPLIST_KEY_UISupportedInterfaceOrientations_iPad = "UIInterfaceOrientationPortrait UIInterfaceOrientationPortraitUpsideDown UIInterfaceOrientationLandscapeLeft UIInterfaceOrientationLandscapeRight";
				INFOPLIST_KEY_UISupportedInterfaceOrientations_iPhone = "UIInterfaceOrientationPortrait UIInterfaceOrientationLandscapeLeft UIInterfaceOrientationLandscapeRight";
				LD_RUNPATH_SEARCH_PATHS = (
					"$(inherited)",
					"@executable_path/Frameworks",
				);
				MARKETING_VERSION = 1.0;
				PRODUCT_BUNDLE_IDENTIFIER = "au.com.testagain.My-Notes";
				PRODUCT_NAME = "$(TARGET_NAME)";
				SWIFT_EMIT_LOC_STRINGS = YES;
				SWIFT_VERSION = 5.0;
				TARGETED_DEVICE_FAMILY = "1,2";
			};
			name = Debug;
		};
		635486E12A148DCF0023BD52 /* Release */ = {
			isa = XCBuildConfiguration;
			buildSettings = {
				ASSETCATALOG_COMPILER_APPICON_NAME = AppIcon;
				ASSETCATALOG_COMPILER_GLOBAL_ACCENT_COLOR_NAME = AccentColor;
				CODE_SIGN_STYLE = Automatic;
				CURRENT_PROJECT_VERSION = 1;
				DEVELOPMENT_ASSET_PATHS = "\"My Notes/Preview Content\"";
				ENABLE_PREVIEWS = YES;
				GENERATE_INFOPLIST_FILE = YES;
				INFOPLIST_KEY_UIApplicationSceneManifest_Generation = YES;
				INFOPLIST_KEY_UIApplicationSupportsIndirectInputEvents = YES;
				INFOPLIST_KEY_UILaunchScreen_Generation = YES;
				INFOPLIST_KEY_UISupportedInterfaceOrientations_iPad = "UIInterfaceOrientationPortrait UIInterfaceOrientationPortraitUpsideDown UIInterfaceOrientationLandscapeLeft UIInterfaceOrientationLandscapeRight";
				INFOPLIST_KEY_UISupportedInterfaceOrientations_iPhone = "UIInterfaceOrientationPortrait UIInterfaceOrientationLandscapeLeft UIInterfaceOrientationLandscapeRight";
				LD_RUNPATH_SEARCH_PATHS = (
					"$(inherited)",
					"@executable_path/Frameworks",
				);
				MARKETING_VERSION = 1.0;
				PRODUCT_BUNDLE_IDENTIFIER = "au.com.testagain.My-Notes";
				PRODUCT_NAME = "$(TARGET_NAME)";
				SWIFT_EMIT_LOC_STRINGS = YES;
				SWIFT_VERSION = 5.0;
				TARGETED_DEVICE_FAMILY = "1,2";
			};
			name = Release;
		};
		635486E32A148DCF0023BD52 /* Debug */ = {
			isa = XCBuildConfiguration;
			buildSettings = {
				ALWAYS_EMBED_SWIFT_STANDARD_LIBRARIES = YES;
				BUNDLE_LOADER = "$(TEST_HOST)";
				CODE_SIGN_STYLE = Automatic;
				CURRENT_PROJECT_VERSION = 1;
				GENERATE_INFOPLIST_FILE = YES;
				IPHONEOS_DEPLOYMENT_TARGET = 16.4;
				MARKETING_VERSION = 1.0;
				PRODUCT_BUNDLE_IDENTIFIER = "au.com.testagain.My-NotesTests";
				PRODUCT_NAME = "$(TARGET_NAME)";
				SWIFT_EMIT_LOC_STRINGS = NO;
				SWIFT_VERSION = 5.0;
				TARGETED_DEVICE_FAMILY = "1,2";
				TEST_HOST = "$(BUILT_PRODUCTS_DIR)/My Notes.app/$(BUNDLE_EXECUTABLE_FOLDER_PATH)/My Notes";
			};
			name = Debug;
		};
		635486E42A148DCF0023BD52 /* Release */ = {
			isa = XCBuildConfiguration;
			buildSettings = {
				ALWAYS_EMBED_SWIFT_STANDARD_LIBRARIES = YES;
				BUNDLE_LOADER = "$(TEST_HOST)";
				CODE_SIGN_STYLE = Automatic;
				CURRENT_PROJECT_VERSION = 1;
				GENERATE_INFOPLIST_FILE = YES;
				IPHONEOS_DEPLOYMENT_TARGET = 16.4;
				MARKETING_VERSION = 1.0;
				PRODUCT_BUNDLE_IDENTIFIER = "au.com.testagain.My-NotesTests";
				PRODUCT_NAME = "$(TARGET_NAME)";
				SWIFT_EMIT_LOC_STRINGS = NO;
				SWIFT_VERSION = 5.0;
				TARGETED_DEVICE_FAMILY = "1,2";
				TEST_HOST = "$(BUILT_PRODUCTS_DIR)/My Notes.app/$(BUNDLE_EXECUTABLE_FOLDER_PATH)/My Notes";
			};
			name = Release;
		};
		635486E62A148DCF0023BD52 /* Debug */ = {
			isa = XCBuildConfiguration;
			buildSettings = {
				ALWAYS_EMBED_SWIFT_STANDARD_LIBRARIES = YES;
				CODE_SIGN_STYLE = Automatic;
				CURRENT_PROJECT_VERSION = 1;
				GENERATE_INFOPLIST_FILE = YES;
				MARKETING_VERSION = 1.0;
				PRODUCT_BUNDLE_IDENTIFIER = "au.com.testagain.My-NotesUITests";
				PRODUCT_NAME = "$(TARGET_NAME)";
				SWIFT_EMIT_LOC_STRINGS = NO;
				SWIFT_VERSION = 5.0;
				TARGETED_DEVICE_FAMILY = "1,2";
				TEST_TARGET_NAME = "My Notes";
			};
			name = Debug;
		};
		635486E72A148DCF0023BD52 /* Release */ = {
			isa = XCBuildConfiguration;
			buildSettings = {
				ALWAYS_EMBED_SWIFT_STANDARD_LIBRARIES = YES;
				CODE_SIGN_STYLE = Automatic;
				CURRENT_PROJECT_VERSION = 1;
				GENERATE_INFOPLIST_FILE = YES;
				MARKETING_VERSION = 1.0;
				PRODUCT_BUNDLE_IDENTIFIER = "au.com.testagain.My-NotesUITests";
				PRODUCT_NAME = "$(TARGET_NAME)";
				SWIFT_EMIT_LOC_STRINGS = NO;
				SWIFT_VERSION = 5.0;
				TARGETED_DEVICE_FAMILY = "1,2";
				TEST_TARGET_NAME = "My Notes";
			};
			name = Release;
		};
/* End XCBuildConfiguration section */

/* Begin XCConfigurationList section */
		635486B12A148DCD0023BD52 /* Build configuration list for PBXProject "My Notes" */ = {
			isa = XCConfigurationList;
			buildConfigurations = (
				635486DD2A148DCF0023BD52 /* Debug */,
				635486DE2A148DCF0023BD52 /* Release */,
			);
			defaultConfigurationIsVisible = 0;
			defaultConfigurationName = Release;
		};
		635486DF2A148DCF0023BD52 /* Build configuration list for PBXNativeTarget "My Notes" */ = {
			isa = XCConfigurationList;
			buildConfigurations = (
				635486E02A148DCF0023BD52 /* Debug */,
				635486E12A148DCF0023BD52 /* Release */,
			);
			defaultConfigurationIsVisible = 0;
			defaultConfigurationName = Release;
		};
		635486E22A148DCF0023BD52 /* Build configuration list for PBXNativeTarget "My NotesTests" */ = {
			isa = XCConfigurationList;
			buildConfigurations = (
				635486E32A148DCF0023BD52 /* Debug */,
				635486E42A148DCF0023BD52 /* Release */,
			);
			defaultConfigurationIsVisible = 0;
			defaultConfigurationName = Release;
		};
		635486E52A148DCF0023BD52 /* Build configuration list for PBXNativeTarget "My NotesUITests" */ = {
			isa = XCConfigurationList;
			buildConfigurations = (
				635486E62A148DCF0023BD52 /* Debug */,
				635486E72A148DCF0023BD52 /* Release */,
			);
			defaultConfigurationIsVisible = 0;
			defaultConfigurationName = Release;
		};
/* End XCConfigurationList section */

/* Begin XCVersionGroup section */
		635486C42A148DCE0023BD52 /* My_Notes.xcdatamodeld */ = {
			isa = XCVersionGroup;
			children = (
				635486C52A148DCE0023BD52 /* My_Notes.xcdatamodel */,
			);
			currentVersion = 635486C52A148DCE0023BD52 /* My_Notes.xcdatamodel */;
			path = My_Notes.xcdatamodeld;
			sourceTree = "<group>";
			versionGroupType = wrapper.xcdatamodel;
		};
/* End XCVersionGroup section */
	};
	rootObject = 635486AE2A148DCD0023BD52 /* Project object */;
}
